{
  "name": "cicd-nomad-app",
  "version": "1.0.0",
  "lockfileVersion": 3,
  "requires": true,
  "packages": {
    "": {
      "name": "cicd-nomad-app",
      "version": "1.0.0",
      "dependencies": {
        "express": "^4.19.2"
      },
      "engines": {
        "node": ">=18.0.0"
      }
    }
  }
}
